<?xml version="1.0" encoding="utf-8"?>
<Project ToolsVersion="4.0" xmlns="http://schemas.microsoft.com/developer/msbuild/2003">
  <ItemGroup>
    <Filter Include="Source Files">
      <UniqueIdentifier>{4FC737F1-C7A5-4376-A066-2A32D752A2FF}</UniqueIdentifier>
      <Extensions>cpp;c;cc;cxx;def;odl;idl;hpj;bat;asm;asmx</Extensions>
    </Filter>
    <Filter Include="Header Files">
      <UniqueIdentifier>{93995380-89BD-4b04-88EB-625FBE52EBFB}</UniqueIdentifier>
      <Extensions>h;hpp;hxx;hm;inl;inc;xsd</Extensions>
    </Filter>
    <Filter Include="Resource Files">
      <UniqueIdentifier>{67DA6AB6-F800-4c08-8B7A-83BB121AAD01}</UniqueIdentifier>
      <Extensions>rc;ico;cur;bmp;dlg;rc2;rct;bin;rgs;gif;jpg;jpeg;jpe;resx;tiff;tif;png;wav;mfcribbon-ms</Extensions>
    </Filter>
    <Filter Include="_core">
      <UniqueIdentifier>{2427d03b-0e68-42e5-97c4-5943d024523b}</UniqueIdentifier>
    </Filter>
    <Filter Include="_core\src">
      <UniqueIdentifier>{11f6bccc-ac4c-49f1-b076-566bf4c40fcb}</UniqueIdentifier>
    </Filter>
    <Filter Include="_core\inc">
      <UniqueIdentifier>{677bb434-fe5b-48bf-ae35-fe9e5e682976}</UniqueIdentifier>
    </Filter>
    <Filter Include="_libraries">
      <UniqueIdentifier>{40c15fc0-0581-41ce-9878-fc06cf37c0ff}</UniqueIdentifier>
    </Filter>
    <Filter Include="_libraries\EEPROM">
      <UniqueIdentifier>{e0eee4b8-082e-431b-8bb6-bf65120a2ab3}</UniqueIdentifier>
    </Filter>
    <Filter Include="_libraries\Wire">
      <UniqueIdentifier>{9e7acf9d-70fb-472d-9ce7-062decbd682f}</UniqueIdentifier>
    </Filter>
    <Filter Include="_libraries\AQ_Defines">
      <UniqueIdentifier>{83653141-f41b-40a7-a56c-d838a206ae03}</UniqueIdentifier>
    </Filter>
    <Filter Include="_libraries\AQ_Math">
      <UniqueIdentifier>{3d84bd04-e9a0-46e1-9c60-8ea44155babf}</UniqueIdentifier>
    </Filter>
    <Filter Include="_libraries\AQ_BatteryMonitor">
      <UniqueIdentifier>{93e5ccf9-d886-4a42-b9a6-9ae4dbf8a540}</UniqueIdentifier>
    </Filter>
    <Filter Include="_libraries\AQ_Gyroscope">
      <UniqueIdentifier>{425ff056-0ffb-422e-8c3a-2d07c5388340}</UniqueIdentifier>
    </Filter>
    <Filter Include="_libraries\AQ_Accelerometer">
      <UniqueIdentifier>{a3cdb795-3606-43e1-8fc6-9443c3d038a4}</UniqueIdentifier>
    </Filter>
    <Filter Include="_libraries\AQ_I2C">
      <UniqueIdentifier>{6a3a582b-6947-43e9-8496-838ad95804bd}</UniqueIdentifier>
    </Filter>
    <Filter Include="_libraries\AQ_Platform_APM">
      <UniqueIdentifier>{6d3acaa7-33f3-407a-8452-a1f1b508760e}</UniqueIdentifier>
    </Filter>
    <Filter Include="_libraries\AQ_Platform_Wii">
      <UniqueIdentifier>{db862bb4-9872-4409-b2c0-7b6c4aa01ce4}</UniqueIdentifier>
    </Filter>
    <Filter Include="_libraries\AQ_Platform_CHR6DM">
      <UniqueIdentifier>{393d1c34-5b10-483a-8599-d606183b282b}</UniqueIdentifier>
    </Filter>
    <Filter Include="_libraries\AQ_Kinematics">
      <UniqueIdentifier>{63a33513-de68-4b22-877b-712a9f623889}</UniqueIdentifier>
    </Filter>
    <Filter Include="_libraries\AQ_Compass">
      <UniqueIdentifier>{43ab7be8-848e-4da6-9fad-d1e5a3284c2e}</UniqueIdentifier>
    </Filter>
    <Filter Include="_libraries\AQ_Receiver">
      <UniqueIdentifier>{54169c6a-9ad7-4bb1-add8-6275965183a9}</UniqueIdentifier>
    </Filter>
    <Filter Include="_libraries\AQ_Motors">
      <UniqueIdentifier>{18568a72-b337-4411-b371-8180dcd15cb1}</UniqueIdentifier>
    </Filter>
    <Filter Include="_libraries\AQ_BarometricSensor">
      <UniqueIdentifier>{efb321fd-abea-4da5-a92d-9c8bf9ffab8f}</UniqueIdentifier>
    </Filter>
    <Filter Include="_libraries\AQ_RangeFinder">
      <UniqueIdentifier>{a3224daa-fd48-457b-9218-9f528594d7f6}</UniqueIdentifier>
    </Filter>
    <Filter Include="_libraries\AQ_CameraStabilizer">
      <UniqueIdentifier>{85a4827f-0e0e-4c59-8d43-148b2d4c3aea}</UniqueIdentifier>
    </Filter>
    <Filter Include="_libraries\AQ_FlightControlProcessor">
      <UniqueIdentifier>{50deacae-3bef-40e1-9019-8ff9c48d9cef}</UniqueIdentifier>
    </Filter>
    <Filter Include="_libraries\AQ_SPI">
      <UniqueIdentifier>{04a84283-b241-4dcc-855b-6cc727788552}</UniqueIdentifier>
    </Filter>
    <Filter Include="_libraries\AQ_OSD">
      <UniqueIdentifier>{29d9a73f-31bf-423d-8c83-af524fb44261}</UniqueIdentifier>
    </Filter>
  </ItemGroup>
  <ItemGroup>
    <None Include="AeroQuad.ino" />
    <None Include="C:\Program Files\arduino-1.0\libraries\EEPROM\keywords.txt">
      <Filter>_libraries\EEPROM</Filter>
    </None>
    <None Include="C:\Program Files\arduino-1.0\libraries\Wire\keywords.txt">
      <Filter>_libraries\Wire</Filter>
    </None>
  </ItemGroup>
  <ItemGroup>
    <ClInclude Include=".AeroQuad.vsarduino.h">
      <Filter>Header Files</Filter>
    </ClInclude>
    <ClInclude Include="AeroQuad.h">
      <Filter>Header Files</Filter>
    </ClInclude>
    <ClInclude Include="AltitudeControlProcessor.h">
      <Filter>Header Files</Filter>
    </ClInclude>
    <ClInclude Include="DataStorage.h">
      <Filter>Header Files</Filter>
    </ClInclude>
    <ClInclude Include="FlightCommandProcessor.h">
      <Filter>Header Files</Filter>
    </ClInclude>
    <ClInclude Include="FlightControlProcessor.h">
      <Filter>Header Files</Filter>
    </ClInclude>
    <ClInclude Include="HeadingHoldProcessor.h">
      <Filter>Header Files</Filter>
    </ClInclude>
    <ClInclude Include="OSDDisplayController.h">
      <Filter>Header Files</Filter>
    </ClInclude>
    <ClInclude Include="OSDMenu.h">
      <Filter>Header Files</Filter>
    </ClInclude>
    <ClInclude Include="PID.h">
      <Filter>Header Files</Filter>
    </ClInclude>
    <ClInclude Include="SerialCom.h">
      <Filter>Header Files</Filter>
    </ClInclude>
    <ClInclude Include="C:\Program Files\arduino-1.0\hardware\arduino\cores\arduino\Arduino.h">
      <Filter>_core\inc</Filter>
    </ClInclude>
    <ClInclude Include="C:\Program Files\arduino-1.0\hardware\arduino\cores\arduino\binary.h">
      <Filter>_core\inc</Filter>
    </ClInclude>
    <ClInclude Include="C:\Program Files\arduino-1.0\hardware\arduino\cores\arduino\Client.h">
      <Filter>_core\inc</Filter>
    </ClInclude>
    <ClInclude Include="C:\Program Files\arduino-1.0\hardware\arduino\cores\arduino\HardwareSerial.h">
      <Filter>_core\inc</Filter>
    </ClInclude>
    <ClInclude Include="C:\Program Files\arduino-1.0\hardware\arduino\cores\arduino\IPAddress.h">
      <Filter>_core\inc</Filter>
    </ClInclude>
    <ClInclude Include="C:\Program Files\arduino-1.0\hardware\arduino\cores\arduino\new.h">
      <Filter>_core\inc</Filter>
    </ClInclude>
    <ClInclude Include="C:\Program Files\arduino-1.0\hardware\arduino\cores\arduino\Platform.h">
      <Filter>_core\inc</Filter>
    </ClInclude>
    <ClInclude Include="C:\Program Files\arduino-1.0\hardware\arduino\cores\arduino\Print.h">
      <Filter>_core\inc</Filter>
    </ClInclude>
    <ClInclude Include="C:\Program Files\arduino-1.0\hardware\arduino\cores\arduino\Printable.h">
      <Filter>_core\inc</Filter>
    </ClInclude>
    <ClInclude Include="C:\Program Files\arduino-1.0\hardware\arduino\cores\arduino\Server.h">
      <Filter>_core\inc</Filter>
    </ClInclude>
    <ClInclude Include="C:\Program Files\arduino-1.0\hardware\arduino\cores\arduino\Stream.h">
      <Filter>_core\inc</Filter>
    </ClInclude>
    <ClInclude Include="C:\Program Files\arduino-1.0\hardware\arduino\cores\arduino\Udp.h">
      <Filter>_core\inc</Filter>
    </ClInclude>
    <ClInclude Include="C:\Program Files\arduino-1.0\hardware\arduino\cores\arduino\USBAPI.h">
      <Filter>_core\inc</Filter>
    </ClInclude>
    <ClInclude Include="C:\Program Files\arduino-1.0\hardware\arduino\cores\arduino\USBCore.h">
      <Filter>_core\inc</Filter>
    </ClInclude>
    <ClInclude Include="C:\Program Files\arduino-1.0\hardware\arduino\cores\arduino\USBDesc.h">
      <Filter>_core\inc</Filter>
    </ClInclude>
    <ClInclude Include="C:\Program Files\arduino-1.0\hardware\arduino\cores\arduino\WCharacter.h">
      <Filter>_core\inc</Filter>
    </ClInclude>
    <ClInclude Include="C:\Program Files\arduino-1.0\hardware\arduino\cores\arduino\wiring_private.h">
      <Filter>_core\inc</Filter>
    </ClInclude>
    <ClInclude Include="C:\Program Files\arduino-1.0\hardware\arduino\cores\arduino\WString.h">
      <Filter>_core\inc</Filter>
    </ClInclude>
    <ClInclude Include="C:\Program Files\arduino-1.0\libraries\EEPROM\EEPROM.h">
      <Filter>_libraries\EEPROM</Filter>
    </ClInclude>
    <ClInclude Include="C:\Program Files\arduino-1.0\libraries\Wire\Wire.h">
      <Filter>_libraries\Wire</Filter>
    </ClInclude>
    <ClInclude Include="..\libraries\AQ_Defines\GlobalDefined.h">
      <Filter>_libraries\AQ_Defines</Filter>
    </ClInclude>
    <ClInclude Include="..\libraries\AQ_Defines\SensorsStatus.h">
      <Filter>_libraries\AQ_Defines</Filter>
    </ClInclude>
    <ClInclude Include="..\libraries\AQ_Math\AQMath.h">
      <Filter>_libraries\AQ_Math</Filter>
    </ClInclude>
    <ClInclude Include="..\libraries\AQ_Math\FourtOrderFilter.h">
      <Filter>_libraries\AQ_Math</Filter>
    </ClInclude>
    <ClInclude Include="..\libraries\AQ_BatteryMonitor\BatteryMonitor.h">
      <Filter>_libraries\AQ_BatteryMonitor</Filter>
    </ClInclude>
    <ClInclude Include="..\libraries\AQ_BatteryMonitor\BatteryMonitorTypes.h">
      <Filter>_libraries\AQ_BatteryMonitor</Filter>
    </ClInclude>
    <ClInclude Include="..\libraries\AQ_Gyroscope\Gyroscope.h">
      <Filter>_libraries\AQ_Gyroscope</Filter>
    </ClInclude>
    <ClInclude Include="..\libraries\AQ_Gyroscope\Gyroscope_APM.h">
      <Filter>_libraries\AQ_Gyroscope</Filter>
    </ClInclude>
    <ClInclude Include="..\libraries\AQ_Gyroscope\Gyroscope_CHR6DM.h">
      <Filter>_libraries\AQ_Gyroscope</Filter>
    </ClInclude>
    <ClInclude Include="..\libraries\AQ_Gyroscope\Gyroscope_IDG_IDZ500.h">
      <Filter>_libraries\AQ_Gyroscope</Filter>
    </ClInclude>
    <ClInclude Include="..\libraries\AQ_Gyroscope\Gyroscope_ITG3200.h">
      <Filter>_libraries\AQ_Gyroscope</Filter>
    </ClInclude>
    <ClInclude Include="..\libraries\AQ_Gyroscope\Gyroscope_ITG3200_9DOF.h">
      <Filter>_libraries\AQ_Gyroscope</Filter>
    </ClInclude>
    <ClInclude Include="..\libraries\AQ_Gyroscope\Gyroscope_ITG3200Defines.h">
      <Filter>_libraries\AQ_Gyroscope</Filter>
    </ClInclude>
    <ClInclude Include="..\libraries\AQ_Gyroscope\Gyroscope_Wii.h">
      <Filter>_libraries\AQ_Gyroscope</Filter>
    </ClInclude>
    <ClInclude Include="..\libraries\AQ_Accelerometer\Accelerometer.h">
      <Filter>_libraries\AQ_Accelerometer</Filter>
    </ClInclude>
    <ClInclude Include="..\libraries\AQ_Accelerometer\Accelerometer_ADXL345.h">
      <Filter>_libraries\AQ_Accelerometer</Filter>
    </ClInclude>
    <ClInclude Include="..\libraries\AQ_Accelerometer\Accelerometer_ADXL345_9DOF.h">
      <Filter>_libraries\AQ_Accelerometer</Filter>
    </ClInclude>
    <ClInclude Include="..\libraries\AQ_Accelerometer\Accelerometer_ADXL500.h">
      <Filter>_libraries\AQ_Accelerometer</Filter>
    </ClInclude>
    <ClInclude Include="..\libraries\AQ_Accelerometer\Accelerometer_APM.h">
      <Filter>_libraries\AQ_Accelerometer</Filter>
    </ClInclude>
    <ClInclude Include="..\libraries\AQ_Accelerometer\Accelerometer_BMA180.h">
      <Filter>_libraries\AQ_Accelerometer</Filter>
    </ClInclude>
    <ClInclude Include="..\libraries\AQ_Accelerometer\Accelerometer_CHR6DM.h">
      <Filter>_libraries\AQ_Accelerometer</Filter>
    </ClInclude>
    <ClInclude Include="..\libraries\AQ_Accelerometer\Accelerometer_WII.h">
      <Filter>_libraries\AQ_Accelerometer</Filter>
    </ClInclude>
    <ClInclude Include="..\libraries\AQ_I2C\Device_I2C.h">
      <Filter>_libraries\AQ_I2C</Filter>
    </ClInclude>
    <ClInclude Include="..\libraries\AQ_Platform_APM\APM_ADC.h">
      <Filter>_libraries\AQ_Platform_APM</Filter>
    </ClInclude>
    <ClInclude Include="..\libraries\AQ_Platform_APM\APM_ADC_Optimized.h">
      <Filter>_libraries\AQ_Platform_APM</Filter>
    </ClInclude>
    <ClInclude Include="..\libraries\AQ_Platform_APM\APM_RC.h">
      <Filter>_libraries\AQ_Platform_APM</Filter>
    </ClInclude>
    <ClInclude Include="..\libraries\AQ_Platform_Wii\Platform_Wii.h">
      <Filter>_libraries\AQ_Platform_Wii</Filter>
    </ClInclude>
    <ClInclude Include="..\libraries\AQ_Platform_CHR6DM\Platform_CHR6DM.h">
      <Filter>_libraries\AQ_Platform_CHR6DM</Filter>
    </ClInclude>
    <ClInclude Include="..\libraries\AQ_Kinematics\Kinematics.h">
      <Filter>_libraries\AQ_Kinematics</Filter>
    </ClInclude>
    <ClInclude Include="..\libraries\AQ_Kinematics\Kinematics_ARG.h">
      <Filter>_libraries\AQ_Kinematics</Filter>
    </ClInclude>
    <ClInclude Include="..\libraries\AQ_Kinematics\Kinematics_CHR6DM.h">
      <Filter>_libraries\AQ_Kinematics</Filter>
    </ClInclude>
    <ClInclude Include="..\libraries\AQ_Kinematics\Kinematics_DCM.h">
      <Filter>_libraries\AQ_Kinematics</Filter>
    </ClInclude>
    <ClInclude Include="..\libraries\AQ_Kinematics\Kinematics_MARG.h">
      <Filter>_libraries\AQ_Kinematics</Filter>
    </ClInclude>
    <ClInclude Include="..\libraries\AQ_Compass\Compass.h">
      <Filter>_libraries\AQ_Compass</Filter>
    </ClInclude>
    <ClInclude Include="..\libraries\AQ_Compass\Magnetometer_CHR6DM.h">
      <Filter>_libraries\AQ_Compass</Filter>
    </ClInclude>
    <ClInclude Include="..\libraries\AQ_Compass\Magnetometer_HMC5843.h">
      <Filter>_libraries\AQ_Compass</Filter>
    </ClInclude>
    <ClInclude Include="..\libraries\AQ_Compass\Magnetometer_HMC5883L.h">
      <Filter>_libraries\AQ_Compass</Filter>
    </ClInclude>
    <ClInclude Include="..\libraries\AQ_Receiver\Receiver.h">
      <Filter>_libraries\AQ_Receiver</Filter>
    </ClInclude>
    <ClInclude Include="..\libraries\AQ_Receiver\Receiver_328p.h">
      <Filter>_libraries\AQ_Receiver</Filter>
    </ClInclude>
    <ClInclude Include="..\libraries\AQ_Receiver\Receiver_APM.h">
      <Filter>_libraries\AQ_Receiver</Filter>
    </ClInclude>
    <ClInclude Include="..\libraries\AQ_Receiver\Receiver_HWPPM.h">
      <Filter>_libraries\AQ_Receiver</Filter>
    </ClInclude>
    <ClInclude Include="..\libraries\AQ_Receiver\Receiver_MEGA.h">
      <Filter>_libraries\AQ_Receiver</Filter>
    </ClInclude>
    <ClInclude Include="..\libraries\AQ_Receiver\Receiver_PPM.h">
      <Filter>_libraries\AQ_Receiver</Filter>
    </ClInclude>
    <ClInclude Include="..\libraries\AQ_Receiver\Receiver_RemotePC.h">
      <Filter>_libraries\AQ_Receiver</Filter>
    </ClInclude>
    <ClInclude Include="..\libraries\AQ_Motors\Motors.h">
      <Filter>_libraries\AQ_Motors</Filter>
    </ClInclude>
    <ClInclude Include="..\libraries\AQ_Motors\Motors_APM.h">
      <Filter>_libraries\AQ_Motors</Filter>
    </ClInclude>
    <ClInclude Include="..\libraries\AQ_Motors\Motors_I2C.h">
      <Filter>_libraries\AQ_Motors</Filter>
    </ClInclude>
    <ClInclude Include="..\libraries\AQ_Motors\Motors_PWM.h">
      <Filter>_libraries\AQ_Motors</Filter>
    </ClInclude>
    <ClInclude Include="..\libraries\AQ_Motors\Motors_PWM_Timer.h">
      <Filter>_libraries\AQ_Motors</Filter>
    </ClInclude>
    <ClInclude Include="..\libraries\AQ_Motors\Motors_TRI.h">
      <Filter>_libraries\AQ_Motors</Filter>
    </ClInclude>
    <ClInclude Include="..\libraries\AQ_BarometricSensor\BarometricSensor.h">
      <Filter>_libraries\AQ_BarometricSensor</Filter>
    </ClInclude>
    <ClInclude Include="..\libraries\AQ_BarometricSensor\BarometricSensor_BMP085.h">
      <Filter>_libraries\AQ_BarometricSensor</Filter>
    </ClInclude>
    <ClInclude Include="..\libraries\AQ_RangeFinder\MaxSonarRangeFinder.h">
      <Filter>_libraries\AQ_RangeFinder</Filter>
    </ClInclude>
    <ClInclude Include="..\libraries\AQ_RangeFinder\RangeFinder.h">
      <Filter>_libraries\AQ_RangeFinder</Filter>
    </ClInclude>
    <ClInclude Include="..\libraries\AQ_CameraStabilizer\CameraStabilizer.h">
      <Filter>_libraries\AQ_CameraStabilizer</Filter>
    </ClInclude>
    <ClInclude Include="..\libraries\AQ_CameraStabilizer\CameraStabilizer_Aeroquad.h">
      <Filter>_libraries\AQ_CameraStabilizer</Filter>
    </ClInclude>
    <ClInclude Include="..\libraries\AQ_CameraStabilizer\CameraStabilizer_Pins_2_3_5.h">
      <Filter>_libraries\AQ_CameraStabilizer</Filter>
    </ClInclude>
    <ClInclude Include="..\libraries\AQ_CameraStabilizer\CameraStabilizer_Pins_44_45_46.h">
      <Filter>_libraries\AQ_CameraStabilizer</Filter>
    </ClInclude>
    <ClInclude Include="..\libraries\AQ_CameraStabilizer\CameraStabilizer_Pins_6_7_8.h">
      <Filter>_libraries\AQ_CameraStabilizer</Filter>
    </ClInclude>
    <ClInclude Include="..\libraries\AQ_FlightControlProcessor\FlightControlHexPlus.h">
      <Filter>_libraries\AQ_FlightControlProcessor</Filter>
    </ClInclude>
    <ClInclude Include="..\libraries\AQ_FlightControlProcessor\FlightControlHexX.h">
      <Filter>_libraries\AQ_FlightControlProcessor</Filter>
    </ClInclude>
    <ClInclude Include="..\libraries\AQ_FlightControlProcessor\FlightControlHexY6.h">
      <Filter>_libraries\AQ_FlightControlProcessor</Filter>
    </ClInclude>
    <ClInclude Include="..\libraries\AQ_FlightControlProcessor\FlightControlOctoPlus.h">
      <Filter>_libraries\AQ_FlightControlProcessor</Filter>
    </ClInclude>
    <ClInclude Include="..\libraries\AQ_FlightControlProcessor\FlightControlOctoX.h">
      <Filter>_libraries\AQ_FlightControlProcessor</Filter>
    </ClInclude>
    <ClInclude Include="..\libraries\AQ_FlightControlProcessor\FlightControlOctoX8.h">
      <Filter>_libraries\AQ_FlightControlProcessor</Filter>
    </ClInclude>
    <ClInclude Include="..\libraries\AQ_FlightControlProcessor\FlightControlQuadPlus.h">
      <Filter>_libraries\AQ_FlightControlProcessor</Filter>
    </ClInclude>
    <ClInclude Include="..\libraries\AQ_FlightControlProcessor\FlightControlQuadX.h">
      <Filter>_libraries\AQ_FlightControlProcessor</Filter>
    </ClInclude>
    <ClInclude Include="..\libraries\AQ_FlightControlProcessor\FlightControlQuadY4.h">
      <Filter>_libraries\AQ_FlightControlProcessor</Filter>
    </ClInclude>
    <ClInclude Include="..\libraries\AQ_FlightControlProcessor\FlightControlTri.h">
      <Filter>_libraries\AQ_FlightControlProcessor</Filter>
    </ClInclude>
    <ClInclude Include="..\libraries\AQ_FlightControlProcessor\FlightControlVariable.h">
      <Filter>_libraries\AQ_FlightControlProcessor</Filter>
    </ClInclude>
    <ClInclude Include="..\libraries\AQ_SPI\Device_SPI.h">
      <Filter>_libraries\AQ_SPI</Filter>
    </ClInclude>
    <ClInclude Include="..\libraries\AQ_OSD\MAX7456.h">
      <Filter>_libraries\AQ_OSD</Filter>
    </ClInclude>
    <ClInclude Include="..\libraries\AQ_OSD\OSD.h">
      <Filter>_libraries\AQ_OSD</Filter>
    </ClInclude>
    <ClInclude Include="UserConfiguration.h">
      <Filter>Header Files</Filter>
    </ClInclude>
  </ItemGroup>
  <ItemGroup>
    <ClCompile Include="C:\Program Files\arduino-1.0\hardware\arduino\cores\arduino\CDC.cpp">
      <Filter>_core\src</Filter>
    </ClCompile>
    <ClCompile Include="C:\Program Files\arduino-1.0\hardware\arduino\cores\arduino\HardwareSerial.cpp">
      <Filter>_core\src</Filter>
    </ClCompile>
    <ClCompile Include="C:\Program Files\arduino-1.0\hardware\arduino\cores\arduino\HID.cpp">
      <Filter>_core\src</Filter>
    </ClCompile>
    <ClCompile Include="C:\Program Files\arduino-1.0\hardware\arduino\cores\arduino\IPAddress.cpp">
      <Filter>_core\src</Filter>
    </ClCompile>
    <ClCompile Include="C:\Program Files\arduino-1.0\hardware\arduino\cores\arduino\main.cpp">
      <Filter>_core\src</Filter>
    </ClCompile>
    <ClCompile Include="C:\Program Files\arduino-1.0\hardware\arduino\cores\arduino\new.cpp">
      <Filter>_core\src</Filter>
    </ClCompile>
    <ClCompile Include="C:\Program Files\arduino-1.0\hardware\arduino\cores\arduino\Print.cpp">
      <Filter>_core\src</Filter>
    </ClCompile>
    <ClCompile Include="C:\Program Files\arduino-1.0\hardware\arduino\cores\arduino\Stream.cpp">
      <Filter>_core\src</Filter>
    </ClCompile>
    <ClCompile Include="C:\Program Files\arduino-1.0\hardware\arduino\cores\arduino\Tone.cpp">
      <Filter>_core\src</Filter>
    </ClCompile>
    <ClCompile Include="C:\Program Files\arduino-1.0\hardware\arduino\cores\arduino\USBCore.cpp">
      <Filter>_core\src</Filter>
    </ClCompile>
    <ClCompile Include="C:\Program Files\arduino-1.0\hardware\arduino\cores\arduino\WInterrupts.c">
      <Filter>_core\src</Filter>
    </ClCompile>
    <ClCompile Include="C:\Program Files\arduino-1.0\hardware\arduino\cores\arduino\wiring.c">
      <Filter>_core\src</Filter>
    </ClCompile>
    <ClCompile Include="C:\Program Files\arduino-1.0\hardware\arduino\cores\arduino\wiring_analog.c">
      <Filter>_core\src</Filter>
    </ClCompile>
    <ClCompile Include="C:\Program Files\arduino-1.0\hardware\arduino\cores\arduino\wiring_digital.c">
      <Filter>_core\src</Filter>
    </ClCompile>
    <ClCompile Include="C:\Program Files\arduino-1.0\hardware\arduino\cores\arduino\wiring_pulse.c">
      <Filter>_core\src</Filter>
    </ClCompile>
    <ClCompile Include="C:\Program Files\arduino-1.0\hardware\arduino\cores\arduino\wiring_shift.c">
      <Filter>_core\src</Filter>
    </ClCompile>
    <ClCompile Include="C:\Program Files\arduino-1.0\hardware\arduino\cores\arduino\WMath.cpp">
      <Filter>_core\src</Filter>
    </ClCompile>
    <ClCompile Include="C:\Program Files\arduino-1.0\hardware\arduino\cores\arduino\WString.cpp">
      <Filter>_core\src</Filter>
    </ClCompile>
    <ClCompile Include="C:\Program Files\arduino-1.0\libraries\EEPROM\EEPROM.cpp">
      <Filter>_libraries\EEPROM</Filter>
    </ClCompile>
    <ClCompile Include="C:\Program Files\arduino-1.0\libraries\Wire\Wire.cpp">
      <Filter>_libraries\Wire</Filter>
    </ClCompile>
    <ClCompile Include="..\libraries\AQ_Math\AQMath.cpp">
      <Filter>_libraries\AQ_Math</Filter>
    </ClCompile>
    <ClCompile Include="..\libraries\AQ_I2C\Device_I2C.cpp">
      <Filter>_libraries\AQ_I2C</Filter>
    </ClCompile>
  </ItemGroup>
</Project>